
Microsoft Visual Studio Solution File, Format Version 12.00
# Visual Studio Version 16
VisualStudioVersion = 16.0.29709.97
MinimumVisualStudioVersion = 10.0.40219.1
Project("{9A19103F-16F7-4668-BE54-9A1E7A4F7556}") = "ClickHouse", "ClickHouse.csproj", "{04E28471-B8E4-47AB-9B0C-00AF216E33AC}"
EndProject
Global
	GlobalSection(SolutionConfigurationPlatforms) = preSolution
		Debug|Any CPU = Debug|Any CPU
		Release|Any CPU = Release|Any CPU
	EndGlobalSection
	GlobalSection(ProjectConfigurationPlatforms) = postSolution
		{04E28471-B8E4-47AB-9B0C-00AF216E33AC}.Debug|Any CPU.ActiveCfg = Debug|Any CPU
		{04E28471-B8E4-47AB-9B0C-00AF216E33AC}.Debug|Any CPU.Build.0 = Debug|Any CPU
		{04E28471-B8E4-47AB-9B0C-00AF216E33AC}.Release|Any CPU.ActiveCfg = Release|Any CPU
		{04E28471-B8E4-47AB-9B0C-00AF216E33AC}.Release|Any CPU.Build.0 = Release|Any CPU
	EndGlobalSection
	GlobalSection(SolutionProperties) = preSolution
		HideSolutionNode = FALSE
	EndGlobalSection
	GlobalSection(ExtensibilityGlobals) = postSolution
		SolutionGuid = {8E115941-6048-48E9-A03C-05DB53A53891}
	EndGlobalSection
EndGlobal
